<?xml version="1.0" encoding="utf-8"?>
<Project ToolsVersion="4.0" xmlns="http://schemas.microsoft.com/developer/msbuild/2003">
  <ItemGroup>
    <Filter Include="Source Files">
      <UniqueIdentifier>{4FC737F1-C7A5-4376-A066-2A32D752A2FF}</UniqueIdentifier>
      <Extensions>cpp;c;cc;cxx;c++;cppm;ixx;def;odl;idl;hpj;bat;asm;asmx</Extensions>
    </Filter>
    <Filter Include="Header Files">
      <UniqueIdentifier>{93995380-89BD-4b04-88EB-625FBE52EBFB}</UniqueIdentifier>
      <Extensions>h;hh;hpp;hxx;h++;hm;inl;inc;ipp;xsd</Extensions>
    </Filter>
    <Filter Include="Resource Files">
      <UniqueIdentifier>{67DA6AB6-F800-4c08-8B7A-83BB121AAD01}</UniqueIdentifier>
      <Extensions>rc;ico;cur;bmp;dlg;rc2;rct;bin;rgs;gif;jpg;jpeg;jpe;resx;tiff;tif;png;wav;mfcribbon-ms</Extensions>
    </Filter>
    <Filter Include="Header Files\Utilitaires">
      <UniqueIdentifier>{7a1d86a7-2d9c-4733-8b56-21cb08bb0fc5}</UniqueIdentifier>
    </Filter>
  </ItemGroup>
  <ItemGroup>
    <ClCompile Include="Engine\Utilitaire\Log.cpp">
      <Filter>Source Files</Filter>
    </ClCompile>
    <ClCompile Include="Engine\Window.cpp">
      <Filter>Source Files</Filter>
    </ClCompile>
    <ClCompile Include="Engine\RendererSDL.cpp">
      <Filter>Source Files</Filter>
    </ClCompile>
    <ClCompile Include="Engine\Timer.cpp">
      <Filter>Source Files</Filter>
    </ClCompile>
    <ClCompile Include="Engine\Maths\Vector2.cpp">
      <Filter>Source Files</Filter>
    </ClCompile>
    <ClCompile Include="Engine\ActorsComponents\Component.cpp">
      <Filter>Source Files</Filter>
    </ClCompile>
    <ClCompile Include="Engine\ActorsComponents\Actor.cpp">
      <Filter>Source Files</Filter>
    </ClCompile>
    <ClCompile Include="Engine\AssetsManager\Texture.cpp">
      <Filter>Source Files</Filter>
    </ClCompile>
    <ClCompile Include="Engine\AssetsManager\Assets.cpp">
      <Filter>Source Files</Filter>
    </ClCompile>
    <ClCompile Include="Engine\Geometry\Rectangle.cpp">
      <Filter>Source Files</Filter>
    </ClCompile>
    <ClCompile Include="Engine\ActorsComponents\SpriteComponent.cpp">
      <Filter>Source Files</Filter>
    </ClCompile>
    <ClCompile Include="Engine\ActorsComponents\AnimSpriteComponent.cpp">
      <Filter>Source Files</Filter>
    </ClCompile>
    <ClCompile Include="Engine\ActorsComponents\BackgroundSpriteComponent.cpp">
      <Filter>Source Files</Filter>
    </ClCompile>
    <ClCompile Include="Engine\Utilitaire\Random.cpp">
      <Filter>Source Files</Filter>
    </ClCompile>
    <ClCompile Include="Engine\ActorsComponents\MoveComponent.cpp">
      <Filter>Source Files</Filter>
    </ClCompile>
    <ClCompile Include="Games\Asteroid\Astroid.cpp">
      <Filter>Source Files</Filter>
    </ClCompile>
    <ClCompile Include="Engine\ActorsComponents\InputComponent.cpp">
      <Filter>Source Files</Filter>
    </ClCompile>
    <ClCompile Include="Games\Asteroid\Ship.cpp">
      <Filter>Source Files</Filter>
    </ClCompile>
    <ClCompile Include="Engine\ActorsComponents\CircleCollisionComponent.cpp">
      <Filter>Source Files</Filter>
    </ClCompile>
    <ClCompile Include="Games\Asteroid\Laser.cpp">
      <Filter>Source Files</Filter>
    </ClCompile>
    <ClCompile Include="Engine\Maths\VertexArray.cpp">
      <Filter>Source Files</Filter>
    </ClCompile>
    <ClCompile Include="Engine\RendererOGL.cpp">
      <Filter>Source Files</Filter>
    </ClCompile>
    <ClCompile Include="Engine\Maths\Matrix4.cpp">
      <Filter>Source Files</Filter>
    </ClCompile>
    <ClCompile Include="Engine\Maths\Vector3.cpp">
      <Filter>Source Files</Filter>
    </ClCompile>
    <ClCompile Include="Engine\Shaders\Shader.cpp">
      <Filter>Source Files</Filter>
    </ClCompile>
    <ClCompile Include="Engine\Maths\Quaternion.cpp">
      <Filter>Source Files</Filter>
    </ClCompile>
    <ClCompile Include="Engine\Geometry\Mesh.cpp">
      <Filter>Source Files</Filter>
    </ClCompile>
    <ClCompile Include="Engine\ActorsComponents\MeshComponent.cpp">
      <Filter>Source Files</Filter>
    </ClCompile>
    <ClCompile Include="Engine\Camera.cpp">
      <Filter>Source Files</Filter>
    </ClCompile>
    <ClCompile Include="Engine\Geometry\Cube.cpp">
      <Filter>Source Files</Filter>
    </ClCompile>
    <ClCompile Include="Engine\Geometry\Sphere.cpp">
      <Filter>Source Files</Filter>
    </ClCompile>
    <ClCompile Include="Engine\Geometry\Plane.cpp">
      <Filter>Source Files</Filter>
    </ClCompile>
    <ClCompile Include="Engine\ActorsComponents\Player.cpp">
      <Filter>Source Files</Filter>
    </ClCompile>
    <ClCompile Include="Engine\Controls\InputManager.cpp">
      <Filter>Source Files</Filter>
    </ClCompile>
    <ClCompile Include="Engine\Controls\KeyboardState.cpp">
      <Filter>Source Files</Filter>
    </ClCompile>
    <ClCompile Include="Engine\Controls\MouseState.cpp">
      <Filter>Source Files</Filter>
    </ClCompile>
    <ClCompile Include="Engine\Subject.cpp">
      <Filter>Source Files</Filter>
    </ClCompile>
    <ClCompile Include="Engine\Game.cpp">
      <Filter>Source Files</Filter>
    </ClCompile>
    <ClCompile Include="main.cpp">
      <Filter>Source Files</Filter>
    </ClCompile>
  </ItemGroup>
  <ItemGroup>
    <ClInclude Include="Engine\Utilitaire\Log.h">
      <Filter>Header Files</Filter>
    </ClInclude>
    <ClInclude Include="Engine\Window.h">
      <Filter>Header Files</Filter>
    </ClInclude>
    <ClInclude Include="Engine\RendererSDL.h">
      <Filter>Header Files</Filter>
    </ClInclude>
    <ClInclude Include="Engine\Geometry\Rectangle.h">
      <Filter>Header Files</Filter>
    </ClInclude>
    <ClInclude Include="Engine\Timer.h">
      <Filter>Header Files</Filter>
    </ClInclude>
    <ClInclude Include="Engine\Maths\Vector2.h">
      <Filter>Header Files</Filter>
    </ClInclude>
    <ClInclude Include="Engine\ActorsComponents\Component.h">
      <Filter>Header Files</Filter>
    </ClInclude>
    <ClInclude Include="Engine\ActorsComponents\Actor.h">
      <Filter>Header Files</Filter>
    </ClInclude>
    <ClInclude Include="Engine\AssetsManager\Texture.h">
      <Filter>Header Files</Filter>
    </ClInclude>
    <ClInclude Include="Engine\AssetsManager\Assets.h">
      <Filter>Header Files</Filter>
    </ClInclude>
    <ClInclude Include="Engine\Maths\Maths.h">
      <Filter>Header Files</Filter>
    </ClInclude>
    <ClInclude Include="Engine\ActorsComponents\SpriteComponent.h">
      <Filter>Header Files</Filter>
    </ClInclude>
    <ClInclude Include="Engine\ActorsComponents\AnimSpriteComponent.h">
      <Filter>Header Files</Filter>
    </ClInclude>
    <ClInclude Include="Engine\ActorsComponents\BackgroundSpriteComponent.h">
      <Filter>Header Files</Filter>
    </ClInclude>
    <ClInclude Include="Engine\Utilitaire\Random.h">
      <Filter>Header Files</Filter>
    </ClInclude>
    <ClInclude Include="Engine\ActorsComponents\MoveComponent.h">
      <Filter>Header Files</Filter>
    </ClInclude>
    <ClInclude Include="Games\Asteroid\Astroid.h">
      <Filter>Header Files</Filter>
    </ClInclude>
    <ClInclude Include="Engine\ActorsComponents\InputComponent.h">
      <Filter>Header Files</Filter>
    </ClInclude>
    <ClInclude Include="Games\Asteroid\Ship.h">
      <Filter>Header Files</Filter>
    </ClInclude>
    <ClInclude Include="Engine\ActorsComponents\CircleCollisionComponent.h">
      <Filter>Header Files</Filter>
    </ClInclude>
    <ClInclude Include="Games\Asteroid\Laser.h">
      <Filter>Header Files</Filter>
    </ClInclude>
    <ClInclude Include="resource.h">
      <Filter>Header Files</Filter>
    </ClInclude>
    <ClInclude Include="Engine\IRenderer.h">
      <Filter>Header Files</Filter>
    </ClInclude>
    <ClInclude Include="Engine\Maths\VertexArray.h">
      <Filter>Header Files</Filter>
    </ClInclude>
    <ClInclude Include="Engine\RendererOGL.h">
      <Filter>Header Files</Filter>
    </ClInclude>
    <ClInclude Include="Engine\Maths\Matrix4.h">
      <Filter>Header Files</Filter>
    </ClInclude>
    <ClInclude Include="Engine\Maths\Vector3.h">
      <Filter>Header Files</Filter>
    </ClInclude>
    <ClInclude Include="Engine\Shaders\Shader.h">
      <Filter>Header Files</Filter>
    </ClInclude>
    <ClInclude Include="Engine\Maths\Quaternion.h">
      <Filter>Header Files</Filter>
    </ClInclude>
    <ClInclude Include="Engine\Geometry\Mesh.h">
      <Filter>Header Files</Filter>
    </ClInclude>
    <ClInclude Include="Engine\ActorsComponents\MeshComponent.h">
      <Filter>Header Files</Filter>
    </ClInclude>
    <ClInclude Include="Engine\DirectionalLight.h">
      <Filter>Header Files</Filter>
    </ClInclude>
    <ClInclude Include="Engine\Camera.h">
      <Filter>Header Files</Filter>
    </ClInclude>
    <ClInclude Include="Engine\Geometry\Cube.h">
      <Filter>Header Files</Filter>
    </ClInclude>
    <ClInclude Include="Engine\Geometry\Sphere.h">
      <Filter>Header Files</Filter>
    </ClInclude>
    <ClInclude Include="Engine\Geometry\Plane.h">
      <Filter>Header Files</Filter>
    </ClInclude>
    <ClInclude Include="Engine\ActorsComponents\Player.h">
      <Filter>Header Files</Filter>
    </ClInclude>
    <ClInclude Include="Engine\Observer.h">
      <Filter>Header Files</Filter>
    </ClInclude>
    <ClInclude Include="Engine\Controls\InputManager.h">
      <Filter>Header Files</Filter>
    </ClInclude>
    <ClInclude Include="Engine\Controls\KeyboardState.h">
      <Filter>Header Files</Filter>
    </ClInclude>
    <ClInclude Include="Engine\Controls\MouseState.h">
      <Filter>Header Files</Filter>
    </ClInclude>
    <ClInclude Include="Engine\Achievements.h">
      <Filter>Header Files</Filter>
    </ClInclude>
    <ClInclude Include="Engine\Subject.h">
      <Filter>Header Files</Filter>
    </ClInclude>
    <ClInclude Include="Engine\Game.h">
      <Filter>Header Files</Filter>
    </ClInclude>
    <ClInclude Include="Games\RTS\Rts.h">
      <Filter>Header Files</Filter>
    </ClInclude>
  </ItemGroup>
  <ItemGroup>
    <None Include="Engine\Shaders\Sprite.vert">
      <Filter>Header Files</Filter>
    </None>
    <None Include="Engine\Shaders\Sprite.frag">
      <Filter>Header Files</Filter>
    </None>
    <None Include="Engine\Shaders\Transform.vert">
      <Filter>Header Files</Filter>
    </None>
    <None Include="Engine\Shaders\BasicMesh.vert">
      <Filter>Header Files</Filter>
    </None>
    <None Include="Engine\Shaders\BasicMesh.frag">
      <Filter>Header Files</Filter>
    </None>
    <None Include="Engine\Shaders\Phong.vert">
      <Filter>Header Files</Filter>
    </None>
    <None Include="Engine\Shaders\Phong.frag">
      <Filter>Header Files</Filter>
    </None>
  </ItemGroup>
  <ItemGroup>
    <ResourceCompile Include="SimpleEngine.rc">
      <Filter>Resource Files</Filter>
    </ResourceCompile>
  </ItemGroup>
</Project>